// !$*UTF8*$!
{
	archiveVersion = 1;
	classes = {
	};
	objectVersion = 50;
	objects = {

/* Begin PBXBuildFile section */
		B4ABE37423E9661700D44ABC /* AppDelegate.swift in Sources */ = {isa = PBXBuildFile; fileRef = B4ABE37323E9661700D44ABC /* AppDelegate.swift */; };
		B4ABE37623E9661700D44ABC /* ViewController.swift in Sources */ = {isa = PBXBuildFile; fileRef = B4ABE37523E9661700D44ABC /* ViewController.swift */; };
		B4ABE37923E9661700D44ABC /* Main.storyboard in Resources */ = {isa = PBXBuildFile; fileRef = B4ABE37723E9661700D44ABC /* Main.storyboard */; };
		B4ABE37B23E9661800D44ABC /* Assets.xcassets in Resources */ = {isa = PBXBuildFile; fileRef = B4ABE37A23E9661800D44ABC /* Assets.xcassets */; };
		B4ABE37E23E9661800D44ABC /* LaunchScreen.storyboard in Resources */ = {isa = PBXBuildFile; fileRef = B4ABE37C23E9661800D44ABC /* LaunchScreen.storyboard */; };
		B4ABE38923E9661800D44ABC /* CryptoTests.swift in Sources */ = {isa = PBXBuildFile; fileRef = B4ABE38823E9661800D44ABC /* CryptoTests.swift */; };
		B4ABE39423E9661800D44ABC /* CryptoUITests.swift in Sources */ = {isa = PBXBuildFile; fileRef = B4ABE39323E9661800D44ABC /* CryptoUITests.swift */; };
/* End PBXBuildFile section */

/* Begin PBXContainerItemProxy section */
		B4ABE38523E9661800D44ABC /* PBXContainerItemProxy */ = {
			isa = PBXContainerItemProxy;
			containerPortal = B4ABE36823E9661700D44ABC /* Project object */;
			proxyType = 1;
			remoteGlobalIDString = B4ABE36F23E9661700D44ABC;
			remoteInfo = Crypto;
		};
		B4ABE39023E9661800D44ABC /* PBXContainerItemProxy */ = {
			isa = PBXContainerItemProxy;
			containerPortal = B4ABE36823E9661700D44ABC /* Project object */;
			proxyType = 1;
			remoteGlobalIDString = B4ABE36F23E9661700D44ABC;
			remoteInfo = Crypto;
		};
/* End PBXContainerItemProxy section */

/* Begin PBXFileReference section */
		B4ABE37023E9661700D44ABC /* Crypto.app */ = {isa = PBXFileReference; explicitFileType = wrapper.application; includeInIndex = 0; path = Crypto.app; sourceTree = BUILT_PRODUCTS_DIR; };
		B4ABE37323E9661700D44ABC /* AppDelegate.swift */ = {isa = PBXFileReference; lastKnownFileType = sourcecode.swift; path = AppDelegate.swift; sourceTree = "<group>"; };
		B4ABE37523E9661700D44ABC /* ViewController.swift */ = {isa = PBXFileReference; lastKnownFileType = sourcecode.swift; path = ViewController.swift; sourceTree = "<group>"; };
		B4ABE37823E9661700D44ABC /* Base */ = {isa = PBXFileReference; lastKnownFileType = file.storyboard; name = Base; path = Base.lproj/Main.storyboard; sourceTree = "<group>"; };
		B4ABE37A23E9661800D44ABC /* Assets.xcassets */ = {isa = PBXFileReference; lastKnownFileType = folder.assetcatalog; path = Assets.xcassets; sourceTree = "<group>"; };
		B4ABE37D23E9661800D44ABC /* Base */ = {isa = PBXFileReference; lastKnownFileType = file.storyboard; name = Base; path = Base.lproj/LaunchScreen.storyboard; sourceTree = "<group>"; };
		B4ABE37F23E9661800D44ABC /* Info.plist */ = {isa = PBXFileReference; lastKnownFileType = text.plist.xml; path = Info.plist; sourceTree = "<group>"; };
		B4ABE38423E9661800D44ABC /* CryptoTests.xctest */ = {isa = PBXFileReference; explicitFileType = wrapper.cfbundle; includeInIndex = 0; path = CryptoTests.xctest; sourceTree = BUILT_PRODUCTS_DIR; };
		B4ABE38823E9661800D44ABC /* CryptoTests.swift */ = {isa = PBXFileReference; lastKnownFileType = sourcecode.swift; path = CryptoTests.swift; sourceTree = "<group>"; };
		B4ABE38A23E9661800D44ABC /* Info.plist */ = {isa = PBXFileReference; lastKnownFileType = text.plist.xml; path = Info.plist; sourceTree = "<group>"; };
		B4ABE38F23E9661800D44ABC /* CryptoUITests.xctest */ = {isa = PBXFileReference; explicitFileType = wrapper.cfbundle; includeInIndex = 0; path = CryptoUITests.xctest; sourceTree = BUILT_PRODUCTS_DIR; };
		B4ABE39323E9661800D44ABC /* CryptoUITests.swift */ = {isa = PBXFileReference; lastKnownFileType = sourcecode.swift; path = CryptoUITests.swift; sourceTree = "<group>"; };
		B4ABE39523E9661800D44ABC /* Info.plist */ = {isa = PBXFileReference; lastKnownFileType = text.plist.xml; path = Info.plist; sourceTree = "<group>"; };
/* End PBXFileReference section */

/* Begin PBXFrameworksBuildPhase section */
		B4ABE36D23E9661700D44ABC /* Frameworks */ = {
			isa = PBXFrameworksBuildPhase;
			buildActionMask = 2147483647;
			files = (
			);
			runOnlyForDeploymentPostprocessing = 0;
		};
		B4ABE38123E9661800D44ABC /* Frameworks */ = {
			isa = PBXFrameworksBuildPhase;
			buildActionMask = 2147483647;
			files = (
			);
			runOnlyForDeploymentPostprocessing = 0;
		};
		B4ABE38C23E9661800D44ABC /* Frameworks */ = {
			isa = PBXFrameworksBuildPhase;
			buildActionMask = 2147483647;
			files = (
			);
			runOnlyForDeploymentPostprocessing = 0;
		};
/* End PBXFrameworksBuildPhase section */

/* Begin PBXGroup section */
		B4ABE36723E9661700D44ABC = {
			isa = PBXGroup;
			children = (
				B4ABE37223E9661700D44ABC /* Crypto */,
				B4ABE38723E9661800D44ABC /* CryptoTests */,
				B4ABE39223E9661800D44ABC /* CryptoUITests */,
				B4ABE37123E9661700D44ABC /* Products */,
			);
			sourceTree = "<group>";
		};
		B4ABE37123E9661700D44ABC /* Products */ = {
			isa = PBXGroup;
			children = (
				B4ABE37023E9661700D44ABC /* Crypto.app */,
				B4ABE38423E9661800D44ABC /* CryptoTests.xctest */,
				B4ABE38F23E9661800D44ABC /* CryptoUITests.xctest */,
			);
			name = Products;
			sourceTree = "<group>";
		};
		B4ABE37223E9661700D44ABC /* Crypto */ = {
			isa = PBXGroup;
			children = (
				B4ABE37323E9661700D44ABC /* AppDelegate.swift */,
				B4ABE37523E9661700D44ABC /* ViewController.swift */,
				B4ABE37723E9661700D44ABC /* Main.storyboard */,
				B4ABE37A23E9661800D44ABC /* Assets.xcassets */,
				B4ABE37C23E9661800D44ABC /* LaunchScreen.storyboard */,
				B4ABE37F23E9661800D44ABC /* Info.plist */,
			);
			path = Crypto;
			sourceTree = "<group>";
		};
		B4ABE38723E9661800D44ABC /* CryptoTests */ = {
			isa = PBXGroup;
			children = (
				B4ABE38823E9661800D44ABC /* CryptoTests.swift */,
				B4ABE38A23E9661800D44ABC /* Info.plist */,
			);
			path = CryptoTests;
			sourceTree = "<group>";
		};
		B4ABE39223E9661800D44ABC /* CryptoUITests */ = {
			isa = PBXGroup;
			children = (
				B4ABE39323E9661800D44ABC /* CryptoUITests.swift */,
				B4ABE39523E9661800D44ABC /* Info.plist */,
			);
			path = CryptoUITests;
			sourceTree = "<group>";
		};
/* End PBXGroup section */

/* Begin PBXNativeTarget section */
		B4ABE36F23E9661700D44ABC /* Crypto */ = {
			isa = PBXNativeTarget;
			buildConfigurationList = B4ABE39823E9661800D44ABC /* Build configuration list for PBXNativeTarget "Crypto" */;
			buildPhases = (
				B4ABE36C23E9661700D44ABC /* Sources */,
				B4ABE36D23E9661700D44ABC /* Frameworks */,
				B4ABE36E23E9661700D44ABC /* Resources */,
			);
			buildRules = (
			);
			dependencies = (
			);
			name = Crypto;
			productName = Crypto;
			productReference = B4ABE37023E9661700D44ABC /* Crypto.app */;
			productType = "com.apple.product-type.application";
		};
		B4ABE38323E9661800D44ABC /* CryptoTests */ = {
			isa = PBXNativeTarget;
			buildConfigurationList = B4ABE39B23E9661800D44ABC /* Build configuration list for PBXNativeTarget "CryptoTests" */;
			buildPhases = (
				B4ABE38023E9661800D44ABC /* Sources */,
				B4ABE38123E9661800D44ABC /* Frameworks */,
				B4ABE38223E9661800D44ABC /* Resources */,
			);
			buildRules = (
			);
			dependencies = (
				B4ABE38623E9661800D44ABC /* PBXTargetDependency */,
			);
			name = CryptoTests;
			productName = CryptoTests;
			productReference = B4ABE38423E9661800D44ABC /* CryptoTests.xctest */;
			productType = "com.apple.product-type.bundle.unit-test";
		};
		B4ABE38E23E9661800D44ABC /* CryptoUITests */ = {
			isa = PBXNativeTarget;
			buildConfigurationList = B4ABE39E23E9661800D44ABC /* Build configuration list for PBXNativeTarget "CryptoUITests" */;
			buildPhases = (
				B4ABE38B23E9661800D44ABC /* Sources */,
				B4ABE38C23E9661800D44ABC /* Frameworks */,
				B4ABE38D23E9661800D44ABC /* Resources */,
			);
			buildRules = (
			);
			dependencies = (
				B4ABE39123E9661800D44ABC /* PBXTargetDependency */,
			);
			name = CryptoUITests;
			productName = CryptoUITests;
			productReference = B4ABE38F23E9661800D44ABC /* CryptoUITests.xctest */;
			productType = "com.apple.product-type.bundle.ui-testing";
		};
/* End PBXNativeTarget section */

/* Begin PBXProject section */
		B4ABE36823E9661700D44ABC /* Project object */ = {
			isa = PBXProject;
			attributes = {
				KnownAssetTags = (
					En,
				);
				LastSwiftUpdateCheck = 1000;
				LastUpgradeCheck = 1000;
				ORGANIZATIONNAME = Rajkishore;
				TargetAttributes = {
					B4ABE36F23E9661700D44ABC = {
						CreatedOnToolsVersion = 10.0;
					};
					B4ABE38323E9661800D44ABC = {
						CreatedOnToolsVersion = 10.0;
						TestTargetID = B4ABE36F23E9661700D44ABC;
					};
					B4ABE38E23E9661800D44ABC = {
						CreatedOnToolsVersion = 10.0;
						TestTargetID = B4ABE36F23E9661700D44ABC;
					};
				};
			};
			buildConfigurationList = B4ABE36B23E9661700D44ABC /* Build configuration list for PBXProject "Crypto" */;
			compatibilityVersion = "Xcode 9.3";
			developmentRegion = en;
			hasScannedForEncodings = 0;
			knownRegions = (
				en,
				Base,
			);
			mainGroup = B4ABE36723E9661700D44ABC;
			productRefGroup = B4ABE37123E9661700D44ABC /* Products */;
			projectDirPath = "";
			projectRoot = "";
			targets = (
				B4ABE36F23E9661700D44ABC /* Crypto */,
				B4ABE38323E9661800D44ABC /* CryptoTests */,
				B4ABE38E23E9661800D44ABC /* CryptoUITests */,
			);
		};
/* End PBXProject section */

/* Begin PBXResourcesBuildPhase section */
		B4ABE36E23E9661700D44ABC /* Resources */ = {
			isa = PBXResourcesBuildPhase;
			buildActionMask = 2147483647;
			files = (
				B4ABE37E23E9661800D44ABC /* LaunchScreen.storyboard in Resources */,
				B4ABE37B23E9661800D44ABC /* Assets.xcassets in Resources */,
				B4ABE37923E9661700D44ABC /* Main.storyboard in Resources */,
			);
			runOnlyForDeploymentPostprocessing = 0;
		};
		B4ABE38223E9661800D44ABC /* Resources */ = {
			isa = PBXResourcesBuildPhase;
			buildActionMask = 2147483647;
			files = (
			);
			runOnlyForDeploymentPostprocessing = 0;
		};
		B4ABE38D23E9661800D44ABC /* Resources */ = {
			isa = PBXResourcesBuildPhase;
			buildActionMask = 2147483647;
			files = (
			);
			runOnlyForDeploymentPostprocessing = 0;
		};
/* End PBXResourcesBuildPhase section */

/* Begin PBXSourcesBuildPhase section */
		B4ABE36C23E9661700D44ABC /* Sources */ = {
			isa = PBXSourcesBuildPhase;
			buildActionMask = 2147483647;
			files = (
				B4ABE37623E9661700D44ABC /* ViewController.swift in Sources */,
				B4ABE37423E9661700D44ABC /* AppDelegate.swift in Sources */,
			);
			runOnlyForDeploymentPostprocessing = 0;
		};
		B4ABE38023E9661800D44ABC /* Sources */ = {
			isa = PBXSourcesBuildPhase;
			buildActionMask = 2147483647;
			files = (
				B4ABE38923E9661800D44ABC /* CryptoTests.swift in Sources */,
			);
			runOnlyForDeploymentPostprocessing = 0;
		};
		B4ABE38B23E9661800D44ABC /* Sources */ = {
			isa = PBXSourcesBuildPhase;
			buildActionMask = 2147483647;
			files = (
				B4ABE39423E9661800D44ABC /* CryptoUITests.swift in Sources */,
			);
			runOnlyForDeploymentPostprocessing = 0;
		};
/* End PBXSourcesBuildPhase section */

/* Begin PBXTargetDependency section */
		B4ABE38623E9661800D44ABC /* PBXTargetDependency */ = {
			isa = PBXTargetDependency;
			target = B4ABE36F23E9661700D44ABC /* Crypto */;
			targetProxy = B4ABE38523E9661800D44ABC /* PBXContainerItemProxy */;
		};
		B4ABE39123E9661800D44ABC /* PBXTargetDependency */ = {
			isa = PBXTargetDependency;
			target = B4ABE36F23E9661700D44ABC /* Crypto */;
			targetProxy = B4ABE39023E9661800D44ABC /* PBXContainerItemProxy */;
		};
/* End PBXTargetDependency section */

/* Begin PBXVariantGroup section */
		B4ABE37723E9661700D44ABC /* Main.storyboard */ = {
			isa = PBXVariantGroup;
			children = (
				B4ABE37823E9661700D44ABC /* Base */,
			);
			name = Main.storyboard;
			sourceTree = "<group>";
		};
		B4ABE37C23E9661800D44ABC /* LaunchScreen.storyboard */ = {
			isa = PBXVariantGroup;
			children = (
				B4ABE37D23E9661800D44ABC /* Base */,
			);
			name = LaunchScreen.storyboard;
			sourceTree = "<group>";
		};
/* End PBXVariantGroup section */

/* Begin XCBuildConfiguration section */
		B4ABE39623E9661800D44ABC /* Debug */ = {
			isa = XCBuildConfiguration;
			buildSettings = {
				ALWAYS_SEARCH_USER_PATHS = NO;
				CLANG_ANALYZER_NONNULL = YES;
				CLANG_ANALYZER_NUMBER_OBJECT_CONVERSION = YES_AGGRESSIVE;
				CLANG_CXX_LANGUAGE_STANDARD = "gnu++14";
				CLANG_CXX_LIBRARY = "libc++";
				CLANG_ENABLE_MODULES = YES;
				CLANG_ENABLE_OBJC_ARC = YES;
				CLANG_ENABLE_OBJC_WEAK = YES;
				CLANG_WARN_BLOCK_CAPTURE_AUTORELEASING = YES;
				CLANG_WARN_BOOL_CONVERSION = YES;
				CLANG_WARN_COMMA = YES;
				CLANG_WARN_CONSTANT_CONVERSION = YES;
				CLANG_WARN_DEPRECATED_OBJC_IMPLEMENTATIONS = YES;
				CLANG_WARN_DIRECT_OBJC_ISA_USAGE = YES_ERROR;
				CLANG_WARN_DOCUMENTATION_COMMENTS = YES;
				CLANG_WARN_EMPTY_BODY = YES;
				CLANG_WARN_ENUM_CONVERSION = YES;
				CLANG_WARN_INFINITE_RECURSION = YES;
				CLANG_WARN_INT_CONVERSION = YES;
				CLANG_WARN_NON_LITERAL_NULL_CONVERSION = YES;
				CLANG_WARN_OBJC_IMPLICIT_RETAIN_SELF = YES;
				CLANG_WARN_OBJC_LITERAL_CONVERSION = YES;
				CLANG_WARN_OBJC_ROOT_CLASS = YES_ERROR;
				CLANG_WARN_RANGE_LOOP_ANALYSIS = YES;
				CLANG_WARN_STRICT_PROTOTYPES = YES;
				CLANG_WARN_SUSPICIOUS_MOVE = YES;
				CLANG_WARN_UNGUARDED_AVAILABILITY = YES_AGGRESSIVE;
				CLANG_WARN_UNREACHABLE_CODE = YES;
				CLANG_WARN__DUPLICATE_METHOD_MATCH = YES;
				CODE_SIGN_IDENTITY = "iPhone Developer";
				COPY_PHASE_STRIP = NO;
				DEBUG_INFORMATION_FORMAT = dwarf;
				ENABLE_STRICT_OBJC_MSGSEND = YES;
				ENABLE_TESTABILITY = YES;
				GCC_C_LANGUAGE_STANDARD = gnu11;
				GCC_DYNAMIC_NO_PIC = NO;
				GCC_NO_COMMON_BLOCKS = YES;
				GCC_OPTIMIZATION_LEVEL = 0;
				GCC_PREPROCESSOR_DEFINITIONS = (
					"DEBUG=1",
					"$(inherited)",
				);
				GCC_WARN_64_TO_32_BIT_CONVERSION = YES;
				GCC_WARN_ABOUT_RETURN_TYPE = YES_ERROR;
				GCC_WARN_UNDECLARED_SELECTOR = YES;
				GCC_WARN_UNINITIALIZED_AUTOS = YES_AGGRESSIVE;
				GCC_WARN_UNUSED_FUNCTION = YES;
				GCC_WARN_UNUSED_VARIABLE = YES;
				IPHONEOS_DEPLOYMENT_TARGET = 12.0;
				MTL_ENABLE_DEBUG_INFO = INCLUDE_SOURCE;
				MTL_FAST_MATH = YES;
				ONLY_ACTIVE_ARCH = YES;
				SDKROOT = iphoneos;
				SWIFT_ACTIVE_COMPILATION_CONDITIONS = DEBUG;
				SWIFT_OPTIMIZATION_LEVEL = "-Onone";
			};
			name = Debug;
		};
		B4ABE39723E9661800D44ABC /* Release */ = {
			isa = XCBuildConfiguration;
			buildSettings = {
				ALWAYS_SEARCH_USER_PATHS = NO;
				CLANG_ANALYZER_NONNULL = YES;
				CLANG_ANALYZER_NUMBER_OBJECT_CONVERSION = YES_AGGRESSIVE;
				CLANG_CXX_LANGUAGE_STANDARD = "gnu++14";
				CLANG_CXX_LIBRARY = "libc++";
				CLANG_ENABLE_MODULES = YES;
				CLANG_ENABLE_OBJC_ARC = YES;
				CLANG_ENABLE_OBJC_WEAK = YES;
				CLANG_WARN_BLOCK_CAPTURE_AUTORELEASING = YES;
				CLANG_WARN_BOOL_CONVERSION = YES;
				CLANG_WARN_COMMA = YES;
				CLANG_WARN_CONSTANT_CONVERSION = YES;
				CLANG_WARN_DEPRECATED_OBJC_IMPLEMENTATIONS = YES;
				CLANG_WARN_DIRECT_OBJC_ISA_USAGE = YES_ERROR;
				CLANG_WARN_DOCUMENTATION_COMMENTS = YES;
				CLANG_WARN_EMPTY_BODY = YES;
				CLANG_WARN_ENUM_CONVERSION = YES;
				CLANG_WARN_INFINITE_RECURSION = YES;
				CLANG_WARN_INT_CONVERSION = YES;
				CLANG_WARN_NON_LITERAL_NULL_CONVERSION = YES;
				CLANG_WARN_OBJC_IMPLICIT_RETAIN_SELF = YES;
				CLANG_WARN_OBJC_LITERAL_CONVERSION = YES;
				CLANG_WARN_OBJC_ROOT_CLASS = YES_ERROR;
				CLANG_WARN_RANGE_LOOP_ANALYSIS = YES;
				CLANG_WARN_STRICT_PROTOTYPES = YES;
				CLANG_WARN_SUSPICIOUS_MOVE = YES;
				CLANG_WARN_UNGUARDED_AVAILABILITY = YES_AGGRESSIVE;
				CLANG_WARN_UNREACHABLE_CODE = YES;
				CLANG_WARN__DUPLICATE_METHOD_MATCH = YES;
				CODE_SIGN_IDENTITY = "iPhone Developer";
				COPY_PHASE_STRIP = NO;
				DEBUG_INFORMATION_FORMAT = "dwarf-with-dsym";
				ENABLE_NS_ASSERTIONS = NO;
				ENABLE_STRICT_OBJC_MSGSEND = YES;
				GCC_C_LANGUAGE_STANDARD = gnu11;
				GCC_NO_COMMON_BLOCKS = YES;
				GCC_WARN_64_TO_32_BIT_CONVERSION = YES;
				GCC_WARN_ABOUT_RETURN_TYPE = YES_ERROR;
				GCC_WARN_UNDECLARED_SELECTOR = YES;
				GCC_WARN_UNINITIALIZED_AUTOS = YES_AGGRESSIVE;
				GCC_WARN_UNUSED_FUNCTION = YES;
				GCC_WARN_UNUSED_VARIABLE = YES;
				IPHONEOS_DEPLOYMENT_TARGET = 12.0;
				MTL_ENABLE_DEBUG_INFO = NO;
				MTL_FAST_MATH = YES;
				SDKROOT = iphoneos;
				SWIFT_COMPILATION_MODE = wholemodule;
				SWIFT_OPTIMIZATION_LEVEL = "-O";
				VALIDATE_PRODUCT = YES;
			};
			name = Release;
		};
		B4ABE39923E9661800D44ABC /* Debug */ = {
			isa = XCBuildConfiguration;
			buildSettings = {
				ASSETCATALOG_COMPILER_APPICON_NAME = AppIcon;
				CODE_SIGN_STYLE = Automatic;
				INFOPLIST_FILE = Crypto/Info.plist;
				LD_RUNPATH_SEARCH_PATHS = (
					"$(inherited)",
					"@executable_path/Frameworks",
				);
				PRODUCT_BUNDLE_IDENTIFIER = com.Rajkishore.Crypto;
				PRODUCT_NAME = "$(TARGET_NAME)";
				SWIFT_VERSION = 4.2;
				TARGETED_DEVICE_FAMILY = "1,2";
			};
			name = Debug;
		};
		B4ABE39A23E9661800D44ABC /* Release */ = {
			isa = XCBuildConfiguration;
			buildSettings = {
				ASSETCATALOG_COMPILER_APPICON_NAME = AppIcon;
				CODE_SIGN_STYLE = Automatic;
				INFOPLIST_FILE = Crypto/Info.plist;
				LD_RUNPATH_SEARCH_PATHS = (
					"$(inherited)",
					"@executable_path/Frameworks",
				);
				PRODUCT_BUNDLE_IDENTIFIER = com.Rajkishore.Crypto;
				PRODUCT_NAME = "$(TARGET_NAME)";
				SWIFT_VERSION = 4.2;
				TARGETED_DEVICE_FAMILY = "1,2";
			};
			name = Release;
		};
		B4ABE39C23E9661800D44ABC /* Debug */ = {
			isa = XCBuildConfiguration;
			buildSettings = {
				ALWAYS_EMBED_SWIFT_STANDARD_LIBRARIES = YES;
				BUNDLE_LOADER = "$(TEST_HOST)";
				CODE_SIGN_STYLE = Automatic;
				INFOPLIST_FILE = CryptoTests/Info.plist;
				LD_RUNPATH_SEARCH_PATHS = (
					"$(inherited)",
					"@executable_path/Frameworks",
					"@loader_path/Frameworks",
				);
				PRODUCT_BUNDLE_IDENTIFIER = com.Rajkishore.CryptoTests;
				PRODUCT_NAME = "$(TARGET_NAME)";
				SWIFT_VERSION = 4.2;
				TARGETED_DEVICE_FAMILY = "1,2";
				TEST_HOST = "$(BUILT_PRODUCTS_DIR)/Crypto.app/Crypto";
			};
			name = Debug;
		};
		B4ABE39D23E9661800D44ABC /* Release */ = {
			isa = XCBuildConfiguration;
			buildSettings = {
				ALWAYS_EMBED_SWIFT_STANDARD_LIBRARIES = YES;
				BUNDLE_LOADER = "$(TEST_HOST)";
				CODE_SIGN_STYLE = Automatic;
				INFOPLIST_FILE = CryptoTests/Info.plist;
				LD_RUNPATH_SEARCH_PATHS = (
					"$(inherited)",
					"@executable_path/Frameworks",
					"@loader_path/Frameworks",
				);
				PRODUCT_BUNDLE_IDENTIFIER = com.Rajkishore.CryptoTests;
				PRODUCT_NAME = "$(TARGET_NAME)";
				SWIFT_VERSION = 4.2;
				TARGETED_DEVICE_FAMILY = "1,2";
				TEST_HOST = "$(BUILT_PRODUCTS_DIR)/Crypto.app/Crypto";
			};
			name = Release;
		};
		B4ABE39F23E9661800D44ABC /* Debug */ = {
			isa = XCBuildConfiguration;
			buildSettings = {
				ALWAYS_EMBED_SWIFT_STANDARD_LIBRARIES = YES;
				CODE_SIGN_STYLE = Automatic;
				INFOPLIST_FILE = CryptoUITests/Info.plist;
				LD_RUNPATH_SEARCH_PATHS = (
					"$(inherited)",
					"@executable_path/Frameworks",
					"@loader_path/Frameworks",
				);
				PRODUCT_BUNDLE_IDENTIFIER = com.Rajkishore.CryptoUITests;
				PRODUCT_NAME = "$(TARGET_NAME)";
				SWIFT_VERSION = 4.2;
				TARGETED_DEVICE_FAMILY = "1,2";
				TEST_TARGET_NAME = Crypto;
			};
			name = Debug;
		};
		B4ABE3A023E9661800D44ABC /* Release */ = {
			isa = XCBuildConfiguration;
			buildSettings = {
				ALWAYS_EMBED_SWIFT_STANDARD_LIBRARIES = YES;
				CODE_SIGN_STYLE = Automatic;
				INFOPLIST_FILE = CryptoUITests/Info.plist;
				LD_RUNPATH_SEARCH_PATHS = (
					"$(inherited)",
					"@executable_path/Frameworks",
					"@loader_path/Frameworks",
				);
				PRODUCT_BUNDLE_IDENTIFIER = com.Rajkishore.CryptoUITests;
				PRODUCT_NAME = "$(TARGET_NAME)";
				SWIFT_VERSION = 4.2;
				TARGETED_DEVICE_FAMILY = "1,2";
				TEST_TARGET_NAME = Crypto;
			};
			name = Release;
		};
/* End XCBuildConfiguration section */

/* Begin XCConfigurationList section */
		B4ABE36B23E9661700D44ABC /* Build configuration list for PBXProject "Crypto" */ = {
			isa = XCConfigurationList;
			buildConfigurations = (
				B4ABE39623E9661800D44ABC /* Debug */,
				B4ABE39723E9661800D44ABC /* Release */,
			);
			defaultConfigurationIsVisible = 0;
			defaultConfigurationName = Release;
		};
		B4ABE39823E9661800D44ABC /* Build configuration list for PBXNativeTarget "Crypto" */ = {
			isa = XCConfigurationList;
			buildConfigurations = (
				B4ABE39923E9661800D44ABC /* Debug */,
				B4ABE39A23E9661800D44ABC /* Release */,
			);
			defaultConfigurationIsVisible = 0;
			defaultConfigurationName = Release;
		};
		B4ABE39B23E9661800D44ABC /* Build configuration list for PBXNativeTarget "CryptoTests" */ = {
			isa = XCConfigurationList;
			buildConfigurations = (
				B4ABE39C23E9661800D44ABC /* Debug */,
				B4ABE39D23E9661800D44ABC /* Release */,
			);
			defaultConfigurationIsVisible = 0;
			defaultConfigurationName = Release;
		};
		B4ABE39E23E9661800D44ABC /* Build configuration list for PBXNativeTarget "CryptoUITests" */ = {
			isa = XCConfigurationList;
			buildConfigurations = (
				B4ABE39F23E9661800D44ABC /* Debug */,
				B4ABE3A023E9661800D44ABC /* Release */,
			);
			defaultConfigurationIsVisible = 0;
			defaultConfigurationName = Release;
		};
/* End XCConfigurationList section */
	};
	rootObject = B4ABE36823E9661700D44ABC /* Project object */;
}
